
Microsoft Visual Studio Solution File, Format Version 12.00
# Visual Studio 2013
VisualStudioVersion = 12.0.30723.0
MinimumVisualStudioVersion = 10.0.40219.1
Project("{2150E333-8FDC-42A3-9474-1A3956D46DE8}") = "Samples", "Samples", "{A86EC9F4-FA6E-4D47-AEC8-B279E6557EAE}"
EndProject
Project("{2150E333-8FDC-42A3-9474-1A3956D46DE8}") = "Games", "Games", "{DDC5E643-B65B-4733-81FA-651E93ED7463}"
EndProject
Project("{2150E333-8FDC-42A3-9474-1A3956D46DE8}") = "Extern", "Extern", "{EA33C922-0F7D-4F56-89C3-EF51E9625EA5}"
EndProject
Project("{FAE04EC0-301F-11D3-BF4B-00C04F79EFBC}") = "FrozenSky_DESKTOP", "FrozenSky\FrozenSky_DESKTOP.csproj", "{C2A4856D-600E-4FFF-BCBF-CA3F7ED6FE57}"
EndProject
Project("{FAE04EC0-301F-11D3-BF4B-00C04F79EFBC}") = "FrozenSky.Multimedia_DESKTOP", "FrozenSky.Multimedia\FrozenSky.Multimedia_DESKTOP.csproj", "{BD9D021A-85DB-4D43-AC49-560987E3339F}"
EndProject
Project("{FAE04EC0-301F-11D3-BF4B-00C04F79EFBC}") = "FrozenSky.Samples.WpfSampleContainer", "Samples\FrozenSky.Samples.WpfSampleContainer\FrozenSky.Samples.WpfSampleContainer.csproj", "{1E91E314-92A5-4D55-B227-FD0AF4427C71}"
EndProject
Project("{FAE04EC0-301F-11D3-BF4B-00C04F79EFBC}") = "FrozenSky.Samples.WinFormsSampleContainer", "Samples\FrozenSky.Samples.WinFormsSampleContainer\FrozenSky.Samples.WinFormsSampleContainer.csproj", "{D79B307C-6E8B-43EE-9A81-BC791546D33B}"
EndProject
Project("{FAE04EC0-301F-11D3-BF4B-00C04F79EFBC}") = "FrozenSky.Samples.Base_DESKTOP", "Samples\FrozenSky.Samples.Base\FrozenSky.Samples.Base_DESKTOP.csproj", "{1C967EDD-286F-42F9-86A2-D2C3A3136891}"
EndProject
Project("{FAE04EC0-301F-11D3-BF4B-00C04F79EFBC}") = "FrozenSky.Samples.Base_UNIVERSAL", "Samples\FrozenSky.Samples.Base\FrozenSky.Samples.Base_UNIVERSAL.csproj", "{AE60BD43-2526-4930-94D0-1335B5831F92}"
EndProject
Project("{2150E333-8FDC-42A3-9474-1A3956D46DE8}") = "_Base", "_Base", "{9F7F1E56-439A-4DEB-B569-C7FE37EEF8EC}"
EndProject
Project("{FAE04EC0-301F-11D3-BF4B-00C04F79EFBC}") = "FrozenSky.BuildTasks", "FrozenSky.BuildTasks\FrozenSky.BuildTasks.csproj", "{FEC88DB7-9207-4F56-A503-B3CAC7EE4F23}"
EndProject
Project("{2150E333-8FDC-42A3-9474-1A3956D46DE8}") = "Build", "Build", "{ED98CECD-2C6B-452B-A614-A7E8162E6044}"
	ProjectSection(SolutionItems) = preProject
		Build\FrozenSky.Common.targets = Build\FrozenSky.Common.targets
	EndProjectSection
EndProject
Project("{2150E333-8FDC-42A3-9474-1A3956D46DE8}") = "Tests", "Tests", "{6FEDBA53-10DE-44B9-B9AF-C6DBDFCAD451}"
EndProject
Project("{FAE04EC0-301F-11D3-BF4B-00C04F79EFBC}") = "FrozenSky.Tests.Rendering", "Tests\FrozenSky.Tests.Rendering\FrozenSky.Tests.Rendering.csproj", "{3937E63B-C53A-411A-B2CF-031F077BCAE4}"
EndProject
Project("{FAE04EC0-301F-11D3-BF4B-00C04F79EFBC}") = "FrozenSky_UNIVERSAL", "FrozenSky\FrozenSky_UNIVERSAL.csproj", "{B077159E-8A45-42D2-896E-131EB2F8B9D0}"
EndProject
Project("{FAE04EC0-301F-11D3-BF4B-00C04F79EFBC}") = "FrozenSky.Multimedia_UNIVERSAL", "FrozenSky.Multimedia\FrozenSky.Multimedia_UNIVERSAL.csproj", "{B2985A80-5CA6-41E0-B96A-6B4625365F08}"
EndProject
Project("{2150E333-8FDC-42A3-9474-1A3956D46DE8}") = "RK2048", "RK2048", "{47A52FA2-E0B2-4CB7-A8D8-A70FD4043D9D}"
EndProject
Project("{D954291E-2A0B-460D-934E-DC6B0785DB48}") = "RK2048.Shared", "Games\RK2048\RK2048.Shared\RK2048.Shared.shproj", "{9C5A4BAB-5EA6-4D4B-885A-FE526D3F03F8}"
EndProject
Project("{FAE04EC0-301F-11D3-BF4B-00C04F79EFBC}") = "RK2048.Windows", "Games\RK2048\RK2048.Windows\RK2048.Windows.csproj", "{9323AFEC-02E0-42E0-B502-AA7FC7482C3A}"
EndProject
Project("{FAE04EC0-301F-11D3-BF4B-00C04F79EFBC}") = "RK2048.WindowsPhone", "Games\RK2048\RK2048.WindowsPhone\RK2048.WindowsPhone.csproj", "{792CFA46-1E50-4526-9519-CE1E7FBC74CB}"
EndProject
Project("{FAE04EC0-301F-11D3-BF4B-00C04F79EFBC}") = "FrozenSky.Tests", "Tests\FrozenSky.Tests\FrozenSky.Tests.csproj", "{D2858A05-E9DF-4445-A623-89270F6287C4}"
EndProject
Project("{FAE04EC0-301F-11D3-BF4B-00C04F79EFBC}") = "RK2048.DesktopWpf", "Games\RK2048\RK2048.DesktopWpf\RK2048.DesktopWpf.csproj", "{D1B4FBC0-E93A-4B64-AB6A-3BC29D337657}"
EndProject
Project("{930C7802-8A8C-48F9-8165-68863BCCD9DD}") = "RK2048.DesktopSetup", "Games\RK2048\RK2048.DesktopSetup\RK2048.DesktopSetup.wixproj", "{15124721-8E5C-47A4-B757-8A33C86CB9EC}"
EndProject
Project("{2150E333-8FDC-42A3-9474-1A3956D46DE8}") = "PropertyTools", "PropertyTools", "{7F827007-9F3C-4A8C-A22C-7390A4DA9F5A}"
	ProjectSection(SolutionItems) = preProject
		Extern\PropertyTools\PropertyTools.dll = Extern\PropertyTools\PropertyTools.dll
		Extern\PropertyTools\PropertyTools.Wpf.dll = Extern\PropertyTools\PropertyTools.Wpf.dll
	EndProjectSection
EndProject
Project("{2150E333-8FDC-42A3-9474-1A3956D46DE8}") = "Misc", "Misc", "{4EBD257C-4D52-4836-813B-F31ED1678FBD}"
	ProjectSection(SolutionItems) = preProject
		Misc\_FrozenSky.Multimedia.licenseheader = Misc\_FrozenSky.Multimedia.licenseheader
		LICENSE = LICENSE
	EndProjectSection
EndProject
Global
	GlobalSection(SharedMSBuildProjectFiles) = preSolution
		Games\RK2048\RK2048.Shared\RK2048.Shared.projitems*{792cfa46-1e50-4526-9519-ce1e7fbc74cb}*SharedItemsImports = 4
		Games\RK2048\RK2048.Shared\RK2048.Shared.projitems*{9323afec-02e0-42e0-b502-aa7fc7482c3a}*SharedItemsImports = 4
		Games\RK2048\RK2048.Shared\RK2048.Shared.projitems*{9c5a4bab-5ea6-4d4b-885a-fe526d3f03f8}*SharedItemsImports = 13
	EndGlobalSection
	GlobalSection(SolutionConfigurationPlatforms) = preSolution
		Debug|Any CPU = Debug|Any CPU
		Release|Any CPU = Release|Any CPU
	EndGlobalSection
	GlobalSection(ProjectConfigurationPlatforms) = postSolution
		{C2A4856D-600E-4FFF-BCBF-CA3F7ED6FE57}.Debug|Any CPU.ActiveCfg = Debug|Any CPU
		{C2A4856D-600E-4FFF-BCBF-CA3F7ED6FE57}.Debug|Any CPU.Build.0 = Debug|Any CPU
		{C2A4856D-600E-4FFF-BCBF-CA3F7ED6FE57}.Release|Any CPU.ActiveCfg = Release|Any CPU
		{C2A4856D-600E-4FFF-BCBF-CA3F7ED6FE57}.Release|Any CPU.Build.0 = Release|Any CPU
		{BD9D021A-85DB-4D43-AC49-560987E3339F}.Debug|Any CPU.ActiveCfg = Debug|Any CPU
		{BD9D021A-85DB-4D43-AC49-560987E3339F}.Debug|Any CPU.Build.0 = Debug|Any CPU
		{BD9D021A-85DB-4D43-AC49-560987E3339F}.Release|Any CPU.ActiveCfg = Release|Any CPU
		{BD9D021A-85DB-4D43-AC49-560987E3339F}.Release|Any CPU.Build.0 = Release|Any CPU
		{1E91E314-92A5-4D55-B227-FD0AF4427C71}.Debug|Any CPU.ActiveCfg = Debug|Any CPU
		{1E91E314-92A5-4D55-B227-FD0AF4427C71}.Debug|Any CPU.Build.0 = Debug|Any CPU
		{1E91E314-92A5-4D55-B227-FD0AF4427C71}.Release|Any CPU.ActiveCfg = Release|Any CPU
		{1E91E314-92A5-4D55-B227-FD0AF4427C71}.Release|Any CPU.Build.0 = Release|Any CPU
		{D79B307C-6E8B-43EE-9A81-BC791546D33B}.Debug|Any CPU.ActiveCfg = Debug|Any CPU
		{D79B307C-6E8B-43EE-9A81-BC791546D33B}.Debug|Any CPU.Build.0 = Debug|Any CPU
		{D79B307C-6E8B-43EE-9A81-BC791546D33B}.Release|Any CPU.ActiveCfg = Release|Any CPU
		{D79B307C-6E8B-43EE-9A81-BC791546D33B}.Release|Any CPU.Build.0 = Release|Any CPU
		{1C967EDD-286F-42F9-86A2-D2C3A3136891}.Debug|Any CPU.ActiveCfg = Debug|Any CPU
		{1C967EDD-286F-42F9-86A2-D2C3A3136891}.Debug|Any CPU.Build.0 = Debug|Any CPU
		{1C967EDD-286F-42F9-86A2-D2C3A3136891}.Release|Any CPU.ActiveCfg = Release|Any CPU
		{1C967EDD-286F-42F9-86A2-D2C3A3136891}.Release|Any CPU.Build.0 = Release|Any CPU
		{AE60BD43-2526-4930-94D0-1335B5831F92}.Debug|Any CPU.ActiveCfg = Debug|Any CPU
		{AE60BD43-2526-4930-94D0-1335B5831F92}.Debug|Any CPU.Build.0 = Debug|Any CPU
		{AE60BD43-2526-4930-94D0-1335B5831F92}.Release|Any CPU.ActiveCfg = Release|Any CPU
		{AE60BD43-2526-4930-94D0-1335B5831F92}.Release|Any CPU.Build.0 = Release|Any CPU
		{FEC88DB7-9207-4F56-A503-B3CAC7EE4F23}.Debug|Any CPU.ActiveCfg = Debug|Any CPU
		{FEC88DB7-9207-4F56-A503-B3CAC7EE4F23}.Debug|Any CPU.Build.0 = Debug|Any CPU
		{FEC88DB7-9207-4F56-A503-B3CAC7EE4F23}.Release|Any CPU.ActiveCfg = Release|Any CPU
		{FEC88DB7-9207-4F56-A503-B3CAC7EE4F23}.Release|Any CPU.Build.0 = Release|Any CPU
		{3937E63B-C53A-411A-B2CF-031F077BCAE4}.Debug|Any CPU.ActiveCfg = Debug|Any CPU
		{3937E63B-C53A-411A-B2CF-031F077BCAE4}.Debug|Any CPU.Build.0 = Debug|Any CPU
		{3937E63B-C53A-411A-B2CF-031F077BCAE4}.Release|Any CPU.ActiveCfg = Release|Any CPU
		{3937E63B-C53A-411A-B2CF-031F077BCAE4}.Release|Any CPU.Build.0 = Release|Any CPU
		{B077159E-8A45-42D2-896E-131EB2F8B9D0}.Debug|Any CPU.ActiveCfg = Debug|Any CPU
		{B077159E-8A45-42D2-896E-131EB2F8B9D0}.Debug|Any CPU.Build.0 = Debug|Any CPU
		{B077159E-8A45-42D2-896E-131EB2F8B9D0}.Release|Any CPU.ActiveCfg = Release|Any CPU
		{B077159E-8A45-42D2-896E-131EB2F8B9D0}.Release|Any CPU.Build.0 = Release|Any CPU
		{B2985A80-5CA6-41E0-B96A-6B4625365F08}.Debug|Any CPU.ActiveCfg = Debug|Any CPU
		{B2985A80-5CA6-41E0-B96A-6B4625365F08}.Debug|Any CPU.Build.0 = Debug|Any CPU
		{B2985A80-5CA6-41E0-B96A-6B4625365F08}.Release|Any CPU.ActiveCfg = Release|Any CPU
		{B2985A80-5CA6-41E0-B96A-6B4625365F08}.Release|Any CPU.Build.0 = Release|Any CPU
		{9323AFEC-02E0-42E0-B502-AA7FC7482C3A}.Debug|Any CPU.ActiveCfg = Debug|Any CPU
		{9323AFEC-02E0-42E0-B502-AA7FC7482C3A}.Debug|Any CPU.Build.0 = Debug|Any CPU
		{9323AFEC-02E0-42E0-B502-AA7FC7482C3A}.Debug|Any CPU.Deploy.0 = Debug|Any CPU
		{9323AFEC-02E0-42E0-B502-AA7FC7482C3A}.Release|Any CPU.ActiveCfg = Release|Any CPU
		{9323AFEC-02E0-42E0-B502-AA7FC7482C3A}.Release|Any CPU.Build.0 = Release|Any CPU
		{9323AFEC-02E0-42E0-B502-AA7FC7482C3A}.Release|Any CPU.Deploy.0 = Release|Any CPU
		{792CFA46-1E50-4526-9519-CE1E7FBC74CB}.Debug|Any CPU.ActiveCfg = Debug|Any CPU
		{792CFA46-1E50-4526-9519-CE1E7FBC74CB}.Debug|Any CPU.Build.0 = Debug|Any CPU
		{792CFA46-1E50-4526-9519-CE1E7FBC74CB}.Debug|Any CPU.Deploy.0 = Debug|Any CPU
		{792CFA46-1E50-4526-9519-CE1E7FBC74CB}.Release|Any CPU.ActiveCfg = Release|Any CPU
		{792CFA46-1E50-4526-9519-CE1E7FBC74CB}.Release|Any CPU.Build.0 = Release|Any CPU
		{792CFA46-1E50-4526-9519-CE1E7FBC74CB}.Release|Any CPU.Deploy.0 = Release|Any CPU
		{D2858A05-E9DF-4445-A623-89270F6287C4}.Debug|Any CPU.ActiveCfg = Debug|Any CPU
		{D2858A05-E9DF-4445-A623-89270F6287C4}.Debug|Any CPU.Build.0 = Debug|Any CPU
		{D2858A05-E9DF-4445-A623-89270F6287C4}.Release|Any CPU.ActiveCfg = Release|Any CPU
		{D2858A05-E9DF-4445-A623-89270F6287C4}.Release|Any CPU.Build.0 = Release|Any CPU
		{D1B4FBC0-E93A-4B64-AB6A-3BC29D337657}.Debug|Any CPU.ActiveCfg = Debug|Any CPU
		{D1B4FBC0-E93A-4B64-AB6A-3BC29D337657}.Debug|Any CPU.Build.0 = Debug|Any CPU
		{D1B4FBC0-E93A-4B64-AB6A-3BC29D337657}.Release|Any CPU.ActiveCfg = Release|Any CPU
		{D1B4FBC0-E93A-4B64-AB6A-3BC29D337657}.Release|Any CPU.Build.0 = Release|Any CPU
		{15124721-8E5C-47A4-B757-8A33C86CB9EC}.Debug|Any CPU.ActiveCfg = Debug|x86
		{15124721-8E5C-47A4-B757-8A33C86CB9EC}.Release|Any CPU.ActiveCfg = Release|x86
		{15124721-8E5C-47A4-B757-8A33C86CB9EC}.Release|Any CPU.Build.0 = Release|x86
	EndGlobalSection
	GlobalSection(SolutionProperties) = preSolution
		HideSolutionNode = FALSE
	EndGlobalSection
	GlobalSection(NestedProjects) = preSolution
		{1E91E314-92A5-4D55-B227-FD0AF4427C71} = {A86EC9F4-FA6E-4D47-AEC8-B279E6557EAE}
		{D79B307C-6E8B-43EE-9A81-BC791546D33B} = {A86EC9F4-FA6E-4D47-AEC8-B279E6557EAE}
		{1C967EDD-286F-42F9-86A2-D2C3A3136891} = {9F7F1E56-439A-4DEB-B569-C7FE37EEF8EC}
		{AE60BD43-2526-4930-94D0-1335B5831F92} = {9F7F1E56-439A-4DEB-B569-C7FE37EEF8EC}
		{9F7F1E56-439A-4DEB-B569-C7FE37EEF8EC} = {A86EC9F4-FA6E-4D47-AEC8-B279E6557EAE}
		{3937E63B-C53A-411A-B2CF-031F077BCAE4} = {6FEDBA53-10DE-44B9-B9AF-C6DBDFCAD451}
		{47A52FA2-E0B2-4CB7-A8D8-A70FD4043D9D} = {DDC5E643-B65B-4733-81FA-651E93ED7463}
		{9C5A4BAB-5EA6-4D4B-885A-FE526D3F03F8} = {47A52FA2-E0B2-4CB7-A8D8-A70FD4043D9D}
		{9323AFEC-02E0-42E0-B502-AA7FC7482C3A} = {47A52FA2-E0B2-4CB7-A8D8-A70FD4043D9D}
		{792CFA46-1E50-4526-9519-CE1E7FBC74CB} = {47A52FA2-E0B2-4CB7-A8D8-A70FD4043D9D}
		{D2858A05-E9DF-4445-A623-89270F6287C4} = {6FEDBA53-10DE-44B9-B9AF-C6DBDFCAD451}
		{D1B4FBC0-E93A-4B64-AB6A-3BC29D337657} = {47A52FA2-E0B2-4CB7-A8D8-A70FD4043D9D}
		{15124721-8E5C-47A4-B757-8A33C86CB9EC} = {47A52FA2-E0B2-4CB7-A8D8-A70FD4043D9D}
		{7F827007-9F3C-4A8C-A22C-7390A4DA9F5A} = {EA33C922-0F7D-4F56-89C3-EF51E9625EA5}
	EndGlobalSection
EndGlobal
