
Microsoft Visual Studio Solution File, Format Version 12.00
# Visual Studio 14
VisualStudioVersion = 14.0.25420.1
MinimumVisualStudioVersion = 10.0.40219.1
Project("{2150E333-8FDC-42A3-9474-1A3956D46DE8}") = "Samples", "Samples", "{A86EC9F4-FA6E-4D47-AEC8-B279E6557EAE}"
EndProject
Project("{FAE04EC0-301F-11D3-BF4B-00C04F79EFBC}") = "SeeingSharp.BuildTasks", "SeeingSharp.BuildTasks\SeeingSharp.BuildTasks.csproj", "{FEC88DB7-9207-4F56-A503-B3CAC7EE4F23}"
EndProject
Project("{2150E333-8FDC-42A3-9474-1A3956D46DE8}") = "Build", "Build", "{ED98CECD-2C6B-452B-A614-A7E8162E6044}"
	ProjectSection(SolutionItems) = preProject
		Build\SeeingSharp.Common.targets = Build\SeeingSharp.Common.targets
	EndProjectSection
EndProject
Project("{2150E333-8FDC-42A3-9474-1A3956D46DE8}") = "Tests", "Tests", "{6FEDBA53-10DE-44B9-B9AF-C6DBDFCAD451}"
EndProject
Project("{FAE04EC0-301F-11D3-BF4B-00C04F79EFBC}") = "SeeingSharp.Tests.Rendering", "Tests\SeeingSharp.Tests.Rendering\SeeingSharp.Tests.Rendering.csproj", "{3937E63B-C53A-411A-B2CF-031F077BCAE4}"
EndProject
Project("{FAE04EC0-301F-11D3-BF4B-00C04F79EFBC}") = "SeeingSharp.Tests", "Tests\SeeingSharp.Tests\SeeingSharp.Tests.csproj", "{D2858A05-E9DF-4445-A623-89270F6287C4}"
EndProject
Project("{2150E333-8FDC-42A3-9474-1A3956D46DE8}") = "Misc", "Misc", "{4EBD257C-4D52-4836-813B-F31ED1678FBD}"
	ProjectSection(SolutionItems) = preProject
		.gitignore = .gitignore
		Misc\_SeeingSharp.Multimedia.licenseheader = Misc\_SeeingSharp.Multimedia.licenseheader
		Misc\_SeeingSharp.Tools.licenseheader = Misc\_SeeingSharp.Tools.licenseheader
		LICENSE = LICENSE
		LicenseOverview.xlsx = LicenseOverview.xlsx
		Misc\SolutionInfo.cs = Misc\SolutionInfo.cs
	EndProjectSection
EndProject
Project("{2150E333-8FDC-42A3-9474-1A3956D46DE8}") = "Tools", "Tools", "{B0619BB7-B709-4C27-8D6F-1C54090C1320}"
EndProject
Project("{FAE04EC0-301F-11D3-BF4B-00C04F79EFBC}") = "WinFormsSampleContainer", "Samples\SeeingSharp.Samples.WinFormsSampleContainer\WinFormsSampleContainer.csproj", "{D79B307C-6E8B-43EE-9A81-BC791546D33B}"
EndProject
Project("{FAE04EC0-301F-11D3-BF4B-00C04F79EFBC}") = "WpfSampleContainer", "Samples\SeeingSharp.Samples.WpfSampleContainer\WpfSampleContainer.csproj", "{1E91E314-92A5-4D55-B227-FD0AF4427C71}"
EndProject
Project("{FAE04EC0-301F-11D3-BF4B-00C04F79EFBC}") = "SeeingSharp.PerformanceTests", "Tests\SeeingSharp.PerformanceTests\SeeingSharp.PerformanceTests.csproj", "{CA0DBFE2-939E-45AE-9AF2-B048A85BBF50}"
EndProject
Project("{FAE04EC0-301F-11D3-BF4B-00C04F79EFBC}") = "UniversalWindowsSampleContainer", "Samples\UniversalWindowsSampleContainer\UniversalWindowsSampleContainer.csproj", "{F68B90F0-B6B8-46F0-9B05-912724AB81F5}"
EndProject
Project("{2150E333-8FDC-42A3-9474-1A3956D46DE8}") = "Nuget", "Nuget", "{ED05ADC3-12B3-4DC5-AB52-041C7C019F53}"
EndProject
Project("{FAE04EC0-301F-11D3-BF4B-00C04F79EFBC}") = "SeeingSharp.Nuget", "Nuget\SeeingSharp.Nuget\SeeingSharp.Nuget.csproj", "{0451BAEF-DF2E-4B98-8644-94EE9415E389}"
EndProject
Project("{FAE04EC0-301F-11D3-BF4B-00C04F79EFBC}") = "SeeingSharp.Multimedia.Nuget", "Nuget\SeeingSharp.Multimedia.Nuget\SeeingSharp.Multimedia.Nuget.csproj", "{5C53014A-CC17-415E-93EE-0C2763BFAD58}"
EndProject
Project("{FAE04EC0-301F-11D3-BF4B-00C04F79EFBC}") = "SeeingSharp.WpfComponentTest", "Tests\SeeingSharp.WpfComponentTest\SeeingSharp.WpfComponentTest.csproj", "{73A7B7A2-4698-4CE6-B84C-1E8D64075C61}"
EndProject
Project("{FAE04EC0-301F-11D3-BF4B-00C04F79EFBC}") = "SeeingSharp.UniversalComponentTest", "Tests\SeeingSharp.UniversalComponentTest\SeeingSharp.UniversalComponentTest.csproj", "{87F67058-3F49-4DD1-B4C3-0FAD214033CA}"
EndProject
Project("{FAE04EC0-301F-11D3-BF4B-00C04F79EFBC}") = "SeeingSharpModelViewerForms", "Tools\SeeingSharpModelViewerForms\SeeingSharpModelViewerForms.csproj", "{0898C5F2-2F17-4B0A-9C7D-0A0FBD9294F6}"
EndProject
Project("{FAE04EC0-301F-11D3-BF4B-00C04F79EFBC}") = "SeeingSharpModelViewer", "Tools\SeeingSharpModelViewer\SeeingSharpModelViewer.csproj", "{E82EC1DF-D839-4A45-8790-862BBBE48FDA}"
EndProject
Project("{FAE04EC0-301F-11D3-BF4B-00C04F79EFBC}") = "SeeingSharpModelViewer.Tests", "Tools\SeeingSharpModelViewer.Tests\SeeingSharpModelViewer.Tests.csproj", "{5D028D29-849E-4296-A595-C260E8397435}"
EndProject
Project("{FAE04EC0-301F-11D3-BF4B-00C04F79EFBC}") = "SeeingSharp.D.Nuget", "Nuget\SeeingSharp.D.Nuget\SeeingSharp.D.Nuget.csproj", "{5D9F28B0-9DE8-444E-A6B5-00413B5500BE}"
EndProject
Project("{FAE04EC0-301F-11D3-BF4B-00C04F79EFBC}") = "SeeingSharp.Multimedia.D.Nuget", "Nuget\SeeingSharp.Multimedia.D.Nuget\SeeingSharp.Multimedia.D.Nuget.csproj", "{ED6DA415-DDDB-464E-B933-E6543AE8ECB1}"
EndProject
Project("{D954291E-2A0B-460D-934E-DC6B0785DB48}") = "SeeingSharp_SHARED", "SeeingSharp_SHARED\SeeingSharp_SHARED.shproj", "{96F4899E-FE3F-4E18-BF24-58BAC30382C5}"
EndProject
Project("{FAE04EC0-301F-11D3-BF4B-00C04F79EFBC}") = "SeeingSharp_DESKTOP", "SeeingSharp_DESKTOP\SeeingSharp_DESKTOP.csproj", "{BE2B99B1-163A-4D13-897A-C6A1F917169C}"
EndProject
Project("{FAE04EC0-301F-11D3-BF4B-00C04F79EFBC}") = "SeeingSharp_UNIVERSAL", "SeeingSharp_UNIVERSAL\SeeingSharp_UNIVERSAL.csproj", "{6DB78969-0FFF-4778-912A-194846229FDA}"
EndProject
Project("{D954291E-2A0B-460D-934E-DC6B0785DB48}") = "SeeingSharp.Multimedia_SHARED", "SeeingSharp.Multimedia_SHARED\SeeingSharp.Multimedia_SHARED.shproj", "{7D56912B-C3E5-4B80-9171-53E447AC1429}"
EndProject
Project("{FAE04EC0-301F-11D3-BF4B-00C04F79EFBC}") = "SeeingSharp.Multimedia_DESKTOP", "SeeingSharp.Multimedia_DESKTOP\SeeingSharp.Multimedia_DESKTOP.csproj", "{761C1F6E-0ECA-42B8-A9AF-86D0570B9CE8}"
EndProject
Project("{FAE04EC0-301F-11D3-BF4B-00C04F79EFBC}") = "SeeingSharp.Multimedia_UNIVERSAL", "SeeingSharp.Multimedia_UNIVERSAL\SeeingSharp.Multimedia_UNIVERSAL.csproj", "{890EFE3A-A642-44A8-A6EA-213CCADE3FEF}"
EndProject
Project("{D954291E-2A0B-460D-934E-DC6B0785DB48}") = "SeeingSharp.Samples", "Samples\SeeingSharp.Samples\SeeingSharp.Samples.shproj", "{2F1FD63D-4EC2-4FC9-B91F-C655029A7ED3}"
EndProject
Project("{FAE04EC0-301F-11D3-BF4B-00C04F79EFBC}") = "SeeingSharp.Multimedia.Resources", "SeeingSharp.Multimedia.Resources\SeeingSharp.Multimedia.Resources.csproj", "{F24F4DD8-52D6-49CE-B5B3-B8C840CCAA7F}"
EndProject
Project("{FAE04EC0-301F-11D3-BF4B-00C04F79EFBC}") = "SeeingSharp.Samples.Resources", "Samples\SeeingSharp.Samples.Resources\SeeingSharp.Samples.Resources.csproj", "{D9564440-77BD-495B-A256-B54EC41EBB11}"
EndProject
Project("{2150E333-8FDC-42A3-9474-1A3956D46DE8}") = "_Base", "_Base", "{EEFCB0AB-D9F8-47DF-8875-79078B7D8C22}"
EndProject
Project("{FAE04EC0-301F-11D3-BF4B-00C04F79EFBC}") = "SeeingSharp_ANDROID", "SeeingSharp_ANDROID\SeeingSharp_ANDROID.csproj", "{4A63B2B9-ED7D-427F-80F2-1B253D927F00}"
EndProject
Project("{FAE04EC0-301F-11D3-BF4B-00C04F79EFBC}") = "Testing.WinFormsErrorHandling", "Tests\Testing.WinFormsErrorHandling\Testing.WinFormsErrorHandling.csproj", "{3181E129-D0A7-4D14-9627-8983C9796756}"
EndProject
Global
	GlobalSection(SharedMSBuildProjectFiles) = preSolution
		Samples\SeeingSharp.Samples\SeeingSharp.Samples.projitems*{1e91e314-92a5-4d55-b227-fd0af4427c71}*SharedItemsImports = 4
		Samples\SeeingSharp.Samples\SeeingSharp.Samples.projitems*{2f1fd63d-4ec2-4fc9-b91f-c655029a7ed3}*SharedItemsImports = 13
		SeeingSharp_SHARED\SeeingSharp_SHARED.projitems*{4a63b2b9-ed7d-427f-80f2-1b253d927f00}*SharedItemsImports = 4
		SeeingSharp_SHARED\SeeingSharp_SHARED.projitems*{6db78969-0fff-4778-912a-194846229fda}*SharedItemsImports = 4
		SeeingSharp.Multimedia_SHARED\SeeingSharp.Multimedia_SHARED.projitems*{761c1f6e-0eca-42b8-a9af-86d0570b9ce8}*SharedItemsImports = 4
		SeeingSharp.Multimedia_SHARED\SeeingSharp.Multimedia_SHARED.projitems*{7d56912b-c3e5-4b80-9171-53e447ac1429}*SharedItemsImports = 13
		SeeingSharp.Multimedia_SHARED\SeeingSharp.Multimedia_SHARED.projitems*{890efe3a-a642-44a8-a6ea-213ccade3fef}*SharedItemsImports = 4
		SeeingSharp_SHARED\SeeingSharp_SHARED.projitems*{96f4899e-fe3f-4e18-bf24-58bac30382c5}*SharedItemsImports = 13
		SeeingSharp_SHARED\SeeingSharp_SHARED.projitems*{be2b99b1-163a-4d13-897a-c6a1f917169c}*SharedItemsImports = 4
		Samples\SeeingSharp.Samples\SeeingSharp.Samples.projitems*{d79b307c-6e8b-43ee-9a81-bc791546d33b}*SharedItemsImports = 4
		Samples\SeeingSharp.Samples\SeeingSharp.Samples.projitems*{f68b90f0-b6b8-46f0-9b05-912724ab81f5}*SharedItemsImports = 4
	EndGlobalSection
	GlobalSection(SolutionConfigurationPlatforms) = preSolution
		Debug|Any CPU = Debug|Any CPU
		Debug|ARM = Debug|ARM
		Debug|x64 = Debug|x64
		Debug|x86 = Debug|x86
		Release|Any CPU = Release|Any CPU
		Release|ARM = Release|ARM
		Release|x64 = Release|x64
		Release|x86 = Release|x86
	EndGlobalSection
	GlobalSection(ProjectConfigurationPlatforms) = postSolution
		{FEC88DB7-9207-4F56-A503-B3CAC7EE4F23}.Debug|Any CPU.ActiveCfg = Debug|Any CPU
		{FEC88DB7-9207-4F56-A503-B3CAC7EE4F23}.Debug|ARM.ActiveCfg = Debug|Any CPU
		{FEC88DB7-9207-4F56-A503-B3CAC7EE4F23}.Debug|ARM.Build.0 = Debug|Any CPU
		{FEC88DB7-9207-4F56-A503-B3CAC7EE4F23}.Debug|x64.ActiveCfg = Debug|Any CPU
		{FEC88DB7-9207-4F56-A503-B3CAC7EE4F23}.Debug|x64.Build.0 = Debug|Any CPU
		{FEC88DB7-9207-4F56-A503-B3CAC7EE4F23}.Debug|x86.ActiveCfg = Debug|Any CPU
		{FEC88DB7-9207-4F56-A503-B3CAC7EE4F23}.Debug|x86.Build.0 = Debug|Any CPU
		{FEC88DB7-9207-4F56-A503-B3CAC7EE4F23}.Release|Any CPU.ActiveCfg = Release|Any CPU
		{FEC88DB7-9207-4F56-A503-B3CAC7EE4F23}.Release|ARM.ActiveCfg = Release|Any CPU
		{FEC88DB7-9207-4F56-A503-B3CAC7EE4F23}.Release|ARM.Build.0 = Release|Any CPU
		{FEC88DB7-9207-4F56-A503-B3CAC7EE4F23}.Release|x64.ActiveCfg = Release|Any CPU
		{FEC88DB7-9207-4F56-A503-B3CAC7EE4F23}.Release|x86.ActiveCfg = Release|Any CPU
		{3937E63B-C53A-411A-B2CF-031F077BCAE4}.Debug|Any CPU.ActiveCfg = Debug|Any CPU
		{3937E63B-C53A-411A-B2CF-031F077BCAE4}.Debug|Any CPU.Build.0 = Debug|Any CPU
		{3937E63B-C53A-411A-B2CF-031F077BCAE4}.Debug|ARM.ActiveCfg = Debug|Any CPU
		{3937E63B-C53A-411A-B2CF-031F077BCAE4}.Debug|ARM.Build.0 = Debug|Any CPU
		{3937E63B-C53A-411A-B2CF-031F077BCAE4}.Debug|x64.ActiveCfg = Debug|Any CPU
		{3937E63B-C53A-411A-B2CF-031F077BCAE4}.Debug|x64.Build.0 = Debug|Any CPU
		{3937E63B-C53A-411A-B2CF-031F077BCAE4}.Debug|x86.ActiveCfg = Debug|Any CPU
		{3937E63B-C53A-411A-B2CF-031F077BCAE4}.Debug|x86.Build.0 = Debug|Any CPU
		{3937E63B-C53A-411A-B2CF-031F077BCAE4}.Release|Any CPU.ActiveCfg = Release|Any CPU
		{3937E63B-C53A-411A-B2CF-031F077BCAE4}.Release|ARM.ActiveCfg = Release|Any CPU
		{3937E63B-C53A-411A-B2CF-031F077BCAE4}.Release|x64.ActiveCfg = Release|Any CPU
		{3937E63B-C53A-411A-B2CF-031F077BCAE4}.Release|x86.ActiveCfg = Release|Any CPU
		{D2858A05-E9DF-4445-A623-89270F6287C4}.Debug|Any CPU.ActiveCfg = Debug|Any CPU
		{D2858A05-E9DF-4445-A623-89270F6287C4}.Debug|Any CPU.Build.0 = Debug|Any CPU
		{D2858A05-E9DF-4445-A623-89270F6287C4}.Debug|ARM.ActiveCfg = Debug|Any CPU
		{D2858A05-E9DF-4445-A623-89270F6287C4}.Debug|ARM.Build.0 = Debug|Any CPU
		{D2858A05-E9DF-4445-A623-89270F6287C4}.Debug|x64.ActiveCfg = Debug|Any CPU
		{D2858A05-E9DF-4445-A623-89270F6287C4}.Debug|x64.Build.0 = Debug|Any CPU
		{D2858A05-E9DF-4445-A623-89270F6287C4}.Debug|x86.ActiveCfg = Debug|Any CPU
		{D2858A05-E9DF-4445-A623-89270F6287C4}.Debug|x86.Build.0 = Debug|Any CPU
		{D2858A05-E9DF-4445-A623-89270F6287C4}.Release|Any CPU.ActiveCfg = Release|Any CPU
		{D2858A05-E9DF-4445-A623-89270F6287C4}.Release|ARM.ActiveCfg = Release|Any CPU
		{D2858A05-E9DF-4445-A623-89270F6287C4}.Release|x64.ActiveCfg = Release|Any CPU
		{D2858A05-E9DF-4445-A623-89270F6287C4}.Release|x86.ActiveCfg = Release|Any CPU
		{D79B307C-6E8B-43EE-9A81-BC791546D33B}.Debug|Any CPU.ActiveCfg = Debug|Any CPU
		{D79B307C-6E8B-43EE-9A81-BC791546D33B}.Debug|Any CPU.Build.0 = Debug|Any CPU
		{D79B307C-6E8B-43EE-9A81-BC791546D33B}.Debug|ARM.ActiveCfg = Debug|Any CPU
		{D79B307C-6E8B-43EE-9A81-BC791546D33B}.Debug|ARM.Build.0 = Debug|Any CPU
		{D79B307C-6E8B-43EE-9A81-BC791546D33B}.Debug|x64.ActiveCfg = Debug|Any CPU
		{D79B307C-6E8B-43EE-9A81-BC791546D33B}.Debug|x64.Build.0 = Debug|Any CPU
		{D79B307C-6E8B-43EE-9A81-BC791546D33B}.Debug|x86.ActiveCfg = Debug|Any CPU
		{D79B307C-6E8B-43EE-9A81-BC791546D33B}.Debug|x86.Build.0 = Debug|Any CPU
		{D79B307C-6E8B-43EE-9A81-BC791546D33B}.Release|Any CPU.ActiveCfg = Release|Any CPU
		{D79B307C-6E8B-43EE-9A81-BC791546D33B}.Release|ARM.ActiveCfg = Release|Any CPU
		{D79B307C-6E8B-43EE-9A81-BC791546D33B}.Release|x64.ActiveCfg = Release|Any CPU
		{D79B307C-6E8B-43EE-9A81-BC791546D33B}.Release|x86.ActiveCfg = Release|Any CPU
		{1E91E314-92A5-4D55-B227-FD0AF4427C71}.Debug|Any CPU.ActiveCfg = Debug|Any CPU
		{1E91E314-92A5-4D55-B227-FD0AF4427C71}.Debug|Any CPU.Build.0 = Debug|Any CPU
		{1E91E314-92A5-4D55-B227-FD0AF4427C71}.Debug|ARM.ActiveCfg = Debug|Any CPU
		{1E91E314-92A5-4D55-B227-FD0AF4427C71}.Debug|ARM.Build.0 = Debug|Any CPU
		{1E91E314-92A5-4D55-B227-FD0AF4427C71}.Debug|x64.ActiveCfg = Debug|Any CPU
		{1E91E314-92A5-4D55-B227-FD0AF4427C71}.Debug|x64.Build.0 = Debug|Any CPU
		{1E91E314-92A5-4D55-B227-FD0AF4427C71}.Debug|x86.ActiveCfg = Debug|Any CPU
		{1E91E314-92A5-4D55-B227-FD0AF4427C71}.Debug|x86.Build.0 = Debug|Any CPU
		{1E91E314-92A5-4D55-B227-FD0AF4427C71}.Release|Any CPU.ActiveCfg = Release|Any CPU
		{1E91E314-92A5-4D55-B227-FD0AF4427C71}.Release|ARM.ActiveCfg = Release|Any CPU
		{1E91E314-92A5-4D55-B227-FD0AF4427C71}.Release|x64.ActiveCfg = Release|Any CPU
		{1E91E314-92A5-4D55-B227-FD0AF4427C71}.Release|x86.ActiveCfg = Release|Any CPU
		{CA0DBFE2-939E-45AE-9AF2-B048A85BBF50}.Debug|Any CPU.ActiveCfg = Debug|Any CPU
		{CA0DBFE2-939E-45AE-9AF2-B048A85BBF50}.Debug|Any CPU.Build.0 = Debug|Any CPU
		{CA0DBFE2-939E-45AE-9AF2-B048A85BBF50}.Debug|ARM.ActiveCfg = Debug|Any CPU
		{CA0DBFE2-939E-45AE-9AF2-B048A85BBF50}.Debug|ARM.Build.0 = Debug|Any CPU
		{CA0DBFE2-939E-45AE-9AF2-B048A85BBF50}.Debug|x64.ActiveCfg = Debug|Any CPU
		{CA0DBFE2-939E-45AE-9AF2-B048A85BBF50}.Debug|x64.Build.0 = Debug|Any CPU
		{CA0DBFE2-939E-45AE-9AF2-B048A85BBF50}.Debug|x86.ActiveCfg = Debug|Any CPU
		{CA0DBFE2-939E-45AE-9AF2-B048A85BBF50}.Debug|x86.Build.0 = Debug|Any CPU
		{CA0DBFE2-939E-45AE-9AF2-B048A85BBF50}.Release|Any CPU.ActiveCfg = Release|Any CPU
		{CA0DBFE2-939E-45AE-9AF2-B048A85BBF50}.Release|ARM.ActiveCfg = Release|Any CPU
		{CA0DBFE2-939E-45AE-9AF2-B048A85BBF50}.Release|x64.ActiveCfg = Release|Any CPU
		{CA0DBFE2-939E-45AE-9AF2-B048A85BBF50}.Release|x86.ActiveCfg = Release|Any CPU
		{F68B90F0-B6B8-46F0-9B05-912724AB81F5}.Debug|Any CPU.ActiveCfg = Debug|x86
		{F68B90F0-B6B8-46F0-9B05-912724AB81F5}.Debug|Any CPU.Build.0 = Debug|x86
		{F68B90F0-B6B8-46F0-9B05-912724AB81F5}.Debug|Any CPU.Deploy.0 = Debug|x86
		{F68B90F0-B6B8-46F0-9B05-912724AB81F5}.Debug|ARM.ActiveCfg = Debug|ARM
		{F68B90F0-B6B8-46F0-9B05-912724AB81F5}.Debug|ARM.Build.0 = Debug|ARM
		{F68B90F0-B6B8-46F0-9B05-912724AB81F5}.Debug|ARM.Deploy.0 = Debug|ARM
		{F68B90F0-B6B8-46F0-9B05-912724AB81F5}.Debug|x64.ActiveCfg = Debug|x64
		{F68B90F0-B6B8-46F0-9B05-912724AB81F5}.Debug|x64.Build.0 = Debug|x64
		{F68B90F0-B6B8-46F0-9B05-912724AB81F5}.Debug|x64.Deploy.0 = Debug|x64
		{F68B90F0-B6B8-46F0-9B05-912724AB81F5}.Debug|x86.ActiveCfg = Debug|x86
		{F68B90F0-B6B8-46F0-9B05-912724AB81F5}.Debug|x86.Build.0 = Debug|x86
		{F68B90F0-B6B8-46F0-9B05-912724AB81F5}.Debug|x86.Deploy.0 = Debug|x86
		{F68B90F0-B6B8-46F0-9B05-912724AB81F5}.Release|Any CPU.ActiveCfg = Release|x86
		{F68B90F0-B6B8-46F0-9B05-912724AB81F5}.Release|ARM.ActiveCfg = Release|ARM
		{F68B90F0-B6B8-46F0-9B05-912724AB81F5}.Release|ARM.Deploy.0 = Release|ARM
		{F68B90F0-B6B8-46F0-9B05-912724AB81F5}.Release|x64.ActiveCfg = Release|x64
		{F68B90F0-B6B8-46F0-9B05-912724AB81F5}.Release|x64.Deploy.0 = Release|x64
		{F68B90F0-B6B8-46F0-9B05-912724AB81F5}.Release|x86.ActiveCfg = Release|x86
		{F68B90F0-B6B8-46F0-9B05-912724AB81F5}.Release|x86.Deploy.0 = Release|x86
		{0451BAEF-DF2E-4B98-8644-94EE9415E389}.Debug|Any CPU.ActiveCfg = Debug|Any CPU
		{0451BAEF-DF2E-4B98-8644-94EE9415E389}.Debug|ARM.ActiveCfg = Debug|Any CPU
		{0451BAEF-DF2E-4B98-8644-94EE9415E389}.Debug|x64.ActiveCfg = Debug|Any CPU
		{0451BAEF-DF2E-4B98-8644-94EE9415E389}.Debug|x86.ActiveCfg = Debug|Any CPU
		{0451BAEF-DF2E-4B98-8644-94EE9415E389}.Release|Any CPU.ActiveCfg = Release|Any CPU
		{0451BAEF-DF2E-4B98-8644-94EE9415E389}.Release|ARM.ActiveCfg = Release|Any CPU
		{0451BAEF-DF2E-4B98-8644-94EE9415E389}.Release|x64.ActiveCfg = Release|Any CPU
		{0451BAEF-DF2E-4B98-8644-94EE9415E389}.Release|x86.ActiveCfg = Release|Any CPU
		{5C53014A-CC17-415E-93EE-0C2763BFAD58}.Debug|Any CPU.ActiveCfg = Debug|Any CPU
		{5C53014A-CC17-415E-93EE-0C2763BFAD58}.Debug|ARM.ActiveCfg = Debug|Any CPU
		{5C53014A-CC17-415E-93EE-0C2763BFAD58}.Debug|x64.ActiveCfg = Debug|Any CPU
		{5C53014A-CC17-415E-93EE-0C2763BFAD58}.Debug|x86.ActiveCfg = Debug|Any CPU
		{5C53014A-CC17-415E-93EE-0C2763BFAD58}.Release|Any CPU.ActiveCfg = Release|Any CPU
		{5C53014A-CC17-415E-93EE-0C2763BFAD58}.Release|ARM.ActiveCfg = Release|Any CPU
		{5C53014A-CC17-415E-93EE-0C2763BFAD58}.Release|x64.ActiveCfg = Release|Any CPU
		{5C53014A-CC17-415E-93EE-0C2763BFAD58}.Release|x86.ActiveCfg = Release|Any CPU
		{73A7B7A2-4698-4CE6-B84C-1E8D64075C61}.Debug|Any CPU.ActiveCfg = Debug|Any CPU
		{73A7B7A2-4698-4CE6-B84C-1E8D64075C61}.Debug|Any CPU.Build.0 = Debug|Any CPU
		{73A7B7A2-4698-4CE6-B84C-1E8D64075C61}.Debug|ARM.ActiveCfg = Debug|Any CPU
		{73A7B7A2-4698-4CE6-B84C-1E8D64075C61}.Debug|ARM.Build.0 = Debug|Any CPU
		{73A7B7A2-4698-4CE6-B84C-1E8D64075C61}.Debug|x64.ActiveCfg = Debug|Any CPU
		{73A7B7A2-4698-4CE6-B84C-1E8D64075C61}.Debug|x64.Build.0 = Debug|Any CPU
		{73A7B7A2-4698-4CE6-B84C-1E8D64075C61}.Debug|x86.ActiveCfg = Debug|Any CPU
		{73A7B7A2-4698-4CE6-B84C-1E8D64075C61}.Debug|x86.Build.0 = Debug|Any CPU
		{73A7B7A2-4698-4CE6-B84C-1E8D64075C61}.Release|Any CPU.ActiveCfg = Release|Any CPU
		{73A7B7A2-4698-4CE6-B84C-1E8D64075C61}.Release|ARM.ActiveCfg = Release|Any CPU
		{73A7B7A2-4698-4CE6-B84C-1E8D64075C61}.Release|x64.ActiveCfg = Release|Any CPU
		{73A7B7A2-4698-4CE6-B84C-1E8D64075C61}.Release|x86.ActiveCfg = Release|Any CPU
		{87F67058-3F49-4DD1-B4C3-0FAD214033CA}.Debug|Any CPU.ActiveCfg = Debug|x86
		{87F67058-3F49-4DD1-B4C3-0FAD214033CA}.Debug|ARM.ActiveCfg = Debug|ARM
		{87F67058-3F49-4DD1-B4C3-0FAD214033CA}.Debug|ARM.Build.0 = Debug|ARM
		{87F67058-3F49-4DD1-B4C3-0FAD214033CA}.Debug|ARM.Deploy.0 = Debug|ARM
		{87F67058-3F49-4DD1-B4C3-0FAD214033CA}.Debug|x64.ActiveCfg = Debug|x64
		{87F67058-3F49-4DD1-B4C3-0FAD214033CA}.Debug|x64.Build.0 = Debug|x64
		{87F67058-3F49-4DD1-B4C3-0FAD214033CA}.Debug|x64.Deploy.0 = Debug|x64
		{87F67058-3F49-4DD1-B4C3-0FAD214033CA}.Debug|x86.ActiveCfg = Debug|x86
		{87F67058-3F49-4DD1-B4C3-0FAD214033CA}.Debug|x86.Build.0 = Debug|x86
		{87F67058-3F49-4DD1-B4C3-0FAD214033CA}.Debug|x86.Deploy.0 = Debug|x86
		{87F67058-3F49-4DD1-B4C3-0FAD214033CA}.Release|Any CPU.ActiveCfg = Release|x86
		{87F67058-3F49-4DD1-B4C3-0FAD214033CA}.Release|ARM.ActiveCfg = Release|ARM
		{87F67058-3F49-4DD1-B4C3-0FAD214033CA}.Release|ARM.Deploy.0 = Release|ARM
		{87F67058-3F49-4DD1-B4C3-0FAD214033CA}.Release|x64.ActiveCfg = Release|x64
		{87F67058-3F49-4DD1-B4C3-0FAD214033CA}.Release|x64.Deploy.0 = Release|x64
		{87F67058-3F49-4DD1-B4C3-0FAD214033CA}.Release|x86.ActiveCfg = Release|x86
		{87F67058-3F49-4DD1-B4C3-0FAD214033CA}.Release|x86.Deploy.0 = Release|x86
		{0898C5F2-2F17-4B0A-9C7D-0A0FBD9294F6}.Debug|Any CPU.ActiveCfg = Debug|Any CPU
		{0898C5F2-2F17-4B0A-9C7D-0A0FBD9294F6}.Debug|Any CPU.Build.0 = Debug|Any CPU
		{0898C5F2-2F17-4B0A-9C7D-0A0FBD9294F6}.Debug|ARM.ActiveCfg = Debug|Any CPU
		{0898C5F2-2F17-4B0A-9C7D-0A0FBD9294F6}.Debug|ARM.Build.0 = Debug|Any CPU
		{0898C5F2-2F17-4B0A-9C7D-0A0FBD9294F6}.Debug|x64.ActiveCfg = Debug|Any CPU
		{0898C5F2-2F17-4B0A-9C7D-0A0FBD9294F6}.Debug|x64.Build.0 = Debug|Any CPU
		{0898C5F2-2F17-4B0A-9C7D-0A0FBD9294F6}.Debug|x86.ActiveCfg = Debug|Any CPU
		{0898C5F2-2F17-4B0A-9C7D-0A0FBD9294F6}.Debug|x86.Build.0 = Debug|Any CPU
		{0898C5F2-2F17-4B0A-9C7D-0A0FBD9294F6}.Release|Any CPU.ActiveCfg = Release|Any CPU
		{0898C5F2-2F17-4B0A-9C7D-0A0FBD9294F6}.Release|ARM.ActiveCfg = Release|Any CPU
		{0898C5F2-2F17-4B0A-9C7D-0A0FBD9294F6}.Release|x64.ActiveCfg = Release|Any CPU
		{0898C5F2-2F17-4B0A-9C7D-0A0FBD9294F6}.Release|x86.ActiveCfg = Release|Any CPU
		{E82EC1DF-D839-4A45-8790-862BBBE48FDA}.Debug|Any CPU.ActiveCfg = Debug|Any CPU
		{E82EC1DF-D839-4A45-8790-862BBBE48FDA}.Debug|Any CPU.Build.0 = Debug|Any CPU
		{E82EC1DF-D839-4A45-8790-862BBBE48FDA}.Debug|ARM.ActiveCfg = Debug|Any CPU
		{E82EC1DF-D839-4A45-8790-862BBBE48FDA}.Debug|ARM.Build.0 = Debug|Any CPU
		{E82EC1DF-D839-4A45-8790-862BBBE48FDA}.Debug|x64.ActiveCfg = Debug|Any CPU
		{E82EC1DF-D839-4A45-8790-862BBBE48FDA}.Debug|x64.Build.0 = Debug|Any CPU
		{E82EC1DF-D839-4A45-8790-862BBBE48FDA}.Debug|x86.ActiveCfg = Debug|Any CPU
		{E82EC1DF-D839-4A45-8790-862BBBE48FDA}.Debug|x86.Build.0 = Debug|Any CPU
		{E82EC1DF-D839-4A45-8790-862BBBE48FDA}.Release|Any CPU.ActiveCfg = Release|Any CPU
		{E82EC1DF-D839-4A45-8790-862BBBE48FDA}.Release|ARM.ActiveCfg = Release|Any CPU
		{E82EC1DF-D839-4A45-8790-862BBBE48FDA}.Release|x64.ActiveCfg = Release|Any CPU
		{E82EC1DF-D839-4A45-8790-862BBBE48FDA}.Release|x86.ActiveCfg = Release|Any CPU
		{5D028D29-849E-4296-A595-C260E8397435}.Debug|Any CPU.ActiveCfg = Debug|Any CPU
		{5D028D29-849E-4296-A595-C260E8397435}.Debug|Any CPU.Build.0 = Debug|Any CPU
		{5D028D29-849E-4296-A595-C260E8397435}.Debug|ARM.ActiveCfg = Debug|Any CPU
		{5D028D29-849E-4296-A595-C260E8397435}.Debug|ARM.Build.0 = Debug|Any CPU
		{5D028D29-849E-4296-A595-C260E8397435}.Debug|x64.ActiveCfg = Debug|Any CPU
		{5D028D29-849E-4296-A595-C260E8397435}.Debug|x64.Build.0 = Debug|Any CPU
		{5D028D29-849E-4296-A595-C260E8397435}.Debug|x86.ActiveCfg = Debug|Any CPU
		{5D028D29-849E-4296-A595-C260E8397435}.Debug|x86.Build.0 = Debug|Any CPU
		{5D028D29-849E-4296-A595-C260E8397435}.Release|Any CPU.ActiveCfg = Release|Any CPU
		{5D028D29-849E-4296-A595-C260E8397435}.Release|ARM.ActiveCfg = Release|Any CPU
		{5D028D29-849E-4296-A595-C260E8397435}.Release|x64.ActiveCfg = Release|Any CPU
		{5D028D29-849E-4296-A595-C260E8397435}.Release|x86.ActiveCfg = Release|Any CPU
		{5D9F28B0-9DE8-444E-A6B5-00413B5500BE}.Debug|Any CPU.ActiveCfg = Debug|Any CPU
		{5D9F28B0-9DE8-444E-A6B5-00413B5500BE}.Debug|ARM.ActiveCfg = Debug|Any CPU
		{5D9F28B0-9DE8-444E-A6B5-00413B5500BE}.Debug|ARM.Build.0 = Debug|Any CPU
		{5D9F28B0-9DE8-444E-A6B5-00413B5500BE}.Debug|x64.ActiveCfg = Debug|Any CPU
		{5D9F28B0-9DE8-444E-A6B5-00413B5500BE}.Debug|x64.Build.0 = Debug|Any CPU
		{5D9F28B0-9DE8-444E-A6B5-00413B5500BE}.Debug|x86.ActiveCfg = Debug|Any CPU
		{5D9F28B0-9DE8-444E-A6B5-00413B5500BE}.Debug|x86.Build.0 = Debug|Any CPU
		{5D9F28B0-9DE8-444E-A6B5-00413B5500BE}.Release|Any CPU.ActiveCfg = Release|Any CPU
		{5D9F28B0-9DE8-444E-A6B5-00413B5500BE}.Release|ARM.ActiveCfg = Release|Any CPU
		{5D9F28B0-9DE8-444E-A6B5-00413B5500BE}.Release|ARM.Build.0 = Release|Any CPU
		{5D9F28B0-9DE8-444E-A6B5-00413B5500BE}.Release|x64.ActiveCfg = Release|Any CPU
		{5D9F28B0-9DE8-444E-A6B5-00413B5500BE}.Release|x86.ActiveCfg = Release|Any CPU
		{ED6DA415-DDDB-464E-B933-E6543AE8ECB1}.Debug|Any CPU.ActiveCfg = Debug|Any CPU
		{ED6DA415-DDDB-464E-B933-E6543AE8ECB1}.Debug|ARM.ActiveCfg = Debug|Any CPU
		{ED6DA415-DDDB-464E-B933-E6543AE8ECB1}.Debug|ARM.Build.0 = Debug|Any CPU
		{ED6DA415-DDDB-464E-B933-E6543AE8ECB1}.Debug|x64.ActiveCfg = Debug|Any CPU
		{ED6DA415-DDDB-464E-B933-E6543AE8ECB1}.Debug|x64.Build.0 = Debug|Any CPU
		{ED6DA415-DDDB-464E-B933-E6543AE8ECB1}.Debug|x86.ActiveCfg = Debug|Any CPU
		{ED6DA415-DDDB-464E-B933-E6543AE8ECB1}.Debug|x86.Build.0 = Debug|Any CPU
		{ED6DA415-DDDB-464E-B933-E6543AE8ECB1}.Release|Any CPU.ActiveCfg = Release|Any CPU
		{ED6DA415-DDDB-464E-B933-E6543AE8ECB1}.Release|ARM.ActiveCfg = Release|Any CPU
		{ED6DA415-DDDB-464E-B933-E6543AE8ECB1}.Release|x64.ActiveCfg = Release|Any CPU
		{ED6DA415-DDDB-464E-B933-E6543AE8ECB1}.Release|x86.ActiveCfg = Release|Any CPU
		{BE2B99B1-163A-4D13-897A-C6A1F917169C}.Debug|Any CPU.ActiveCfg = Debug|Any CPU
		{BE2B99B1-163A-4D13-897A-C6A1F917169C}.Debug|Any CPU.Build.0 = Debug|Any CPU
		{BE2B99B1-163A-4D13-897A-C6A1F917169C}.Debug|ARM.ActiveCfg = Debug|Any CPU
		{BE2B99B1-163A-4D13-897A-C6A1F917169C}.Debug|ARM.Build.0 = Debug|Any CPU
		{BE2B99B1-163A-4D13-897A-C6A1F917169C}.Debug|x64.ActiveCfg = Debug|Any CPU
		{BE2B99B1-163A-4D13-897A-C6A1F917169C}.Debug|x64.Build.0 = Debug|Any CPU
		{BE2B99B1-163A-4D13-897A-C6A1F917169C}.Debug|x86.ActiveCfg = Debug|Any CPU
		{BE2B99B1-163A-4D13-897A-C6A1F917169C}.Debug|x86.Build.0 = Debug|Any CPU
		{BE2B99B1-163A-4D13-897A-C6A1F917169C}.Release|Any CPU.ActiveCfg = Release|Any CPU
		{BE2B99B1-163A-4D13-897A-C6A1F917169C}.Release|ARM.ActiveCfg = Release|Any CPU
		{BE2B99B1-163A-4D13-897A-C6A1F917169C}.Release|x64.ActiveCfg = Release|Any CPU
		{BE2B99B1-163A-4D13-897A-C6A1F917169C}.Release|x86.ActiveCfg = Release|Any CPU
		{6DB78969-0FFF-4778-912A-194846229FDA}.Debug|Any CPU.ActiveCfg = Debug|Any CPU
		{6DB78969-0FFF-4778-912A-194846229FDA}.Debug|Any CPU.Build.0 = Debug|Any CPU
		{6DB78969-0FFF-4778-912A-194846229FDA}.Debug|ARM.ActiveCfg = Debug|Any CPU
		{6DB78969-0FFF-4778-912A-194846229FDA}.Debug|ARM.Build.0 = Debug|Any CPU
		{6DB78969-0FFF-4778-912A-194846229FDA}.Debug|x64.ActiveCfg = Debug|Any CPU
		{6DB78969-0FFF-4778-912A-194846229FDA}.Debug|x64.Build.0 = Debug|Any CPU
		{6DB78969-0FFF-4778-912A-194846229FDA}.Debug|x86.ActiveCfg = Debug|Any CPU
		{6DB78969-0FFF-4778-912A-194846229FDA}.Debug|x86.Build.0 = Debug|Any CPU
		{6DB78969-0FFF-4778-912A-194846229FDA}.Release|Any CPU.ActiveCfg = Release|Any CPU
		{6DB78969-0FFF-4778-912A-194846229FDA}.Release|ARM.ActiveCfg = Release|Any CPU
		{6DB78969-0FFF-4778-912A-194846229FDA}.Release|x64.ActiveCfg = Release|Any CPU
		{6DB78969-0FFF-4778-912A-194846229FDA}.Release|x86.ActiveCfg = Release|Any CPU
		{761C1F6E-0ECA-42B8-A9AF-86D0570B9CE8}.Debug|Any CPU.ActiveCfg = Debug|Any CPU
		{761C1F6E-0ECA-42B8-A9AF-86D0570B9CE8}.Debug|Any CPU.Build.0 = Debug|Any CPU
		{761C1F6E-0ECA-42B8-A9AF-86D0570B9CE8}.Debug|ARM.ActiveCfg = Debug|Any CPU
		{761C1F6E-0ECA-42B8-A9AF-86D0570B9CE8}.Debug|ARM.Build.0 = Debug|Any CPU
		{761C1F6E-0ECA-42B8-A9AF-86D0570B9CE8}.Debug|x64.ActiveCfg = Debug|Any CPU
		{761C1F6E-0ECA-42B8-A9AF-86D0570B9CE8}.Debug|x64.Build.0 = Debug|Any CPU
		{761C1F6E-0ECA-42B8-A9AF-86D0570B9CE8}.Debug|x86.ActiveCfg = Debug|Any CPU
		{761C1F6E-0ECA-42B8-A9AF-86D0570B9CE8}.Debug|x86.Build.0 = Debug|Any CPU
		{761C1F6E-0ECA-42B8-A9AF-86D0570B9CE8}.Release|Any CPU.ActiveCfg = Release|Any CPU
		{761C1F6E-0ECA-42B8-A9AF-86D0570B9CE8}.Release|ARM.ActiveCfg = Release|Any CPU
		{761C1F6E-0ECA-42B8-A9AF-86D0570B9CE8}.Release|x64.ActiveCfg = Release|Any CPU
		{761C1F6E-0ECA-42B8-A9AF-86D0570B9CE8}.Release|x86.ActiveCfg = Release|Any CPU
		{890EFE3A-A642-44A8-A6EA-213CCADE3FEF}.Debug|Any CPU.ActiveCfg = Debug|Any CPU
		{890EFE3A-A642-44A8-A6EA-213CCADE3FEF}.Debug|Any CPU.Build.0 = Debug|Any CPU
		{890EFE3A-A642-44A8-A6EA-213CCADE3FEF}.Debug|ARM.ActiveCfg = Debug|Any CPU
		{890EFE3A-A642-44A8-A6EA-213CCADE3FEF}.Debug|ARM.Build.0 = Debug|Any CPU
		{890EFE3A-A642-44A8-A6EA-213CCADE3FEF}.Debug|x64.ActiveCfg = Debug|Any CPU
		{890EFE3A-A642-44A8-A6EA-213CCADE3FEF}.Debug|x64.Build.0 = Debug|Any CPU
		{890EFE3A-A642-44A8-A6EA-213CCADE3FEF}.Debug|x86.ActiveCfg = Debug|Any CPU
		{890EFE3A-A642-44A8-A6EA-213CCADE3FEF}.Debug|x86.Build.0 = Debug|Any CPU
		{890EFE3A-A642-44A8-A6EA-213CCADE3FEF}.Release|Any CPU.ActiveCfg = Release|Any CPU
		{890EFE3A-A642-44A8-A6EA-213CCADE3FEF}.Release|ARM.ActiveCfg = Release|Any CPU
		{890EFE3A-A642-44A8-A6EA-213CCADE3FEF}.Release|x64.ActiveCfg = Release|Any CPU
		{890EFE3A-A642-44A8-A6EA-213CCADE3FEF}.Release|x86.ActiveCfg = Release|Any CPU
		{F24F4DD8-52D6-49CE-B5B3-B8C840CCAA7F}.Debug|Any CPU.ActiveCfg = Debug|Any CPU
		{F24F4DD8-52D6-49CE-B5B3-B8C840CCAA7F}.Debug|Any CPU.Build.0 = Debug|Any CPU
		{F24F4DD8-52D6-49CE-B5B3-B8C840CCAA7F}.Debug|ARM.ActiveCfg = Debug|Any CPU
		{F24F4DD8-52D6-49CE-B5B3-B8C840CCAA7F}.Debug|ARM.Build.0 = Debug|Any CPU
		{F24F4DD8-52D6-49CE-B5B3-B8C840CCAA7F}.Debug|x64.ActiveCfg = Debug|Any CPU
		{F24F4DD8-52D6-49CE-B5B3-B8C840CCAA7F}.Debug|x64.Build.0 = Debug|Any CPU
		{F24F4DD8-52D6-49CE-B5B3-B8C840CCAA7F}.Debug|x86.ActiveCfg = Debug|Any CPU
		{F24F4DD8-52D6-49CE-B5B3-B8C840CCAA7F}.Debug|x86.Build.0 = Debug|Any CPU
		{F24F4DD8-52D6-49CE-B5B3-B8C840CCAA7F}.Release|Any CPU.ActiveCfg = Release|Any CPU
		{F24F4DD8-52D6-49CE-B5B3-B8C840CCAA7F}.Release|ARM.ActiveCfg = Release|Any CPU
		{F24F4DD8-52D6-49CE-B5B3-B8C840CCAA7F}.Release|x64.ActiveCfg = Release|Any CPU
		{F24F4DD8-52D6-49CE-B5B3-B8C840CCAA7F}.Release|x86.ActiveCfg = Release|Any CPU
		{D9564440-77BD-495B-A256-B54EC41EBB11}.Debug|Any CPU.ActiveCfg = Debug|Any CPU
		{D9564440-77BD-495B-A256-B54EC41EBB11}.Debug|Any CPU.Build.0 = Debug|Any CPU
		{D9564440-77BD-495B-A256-B54EC41EBB11}.Debug|ARM.ActiveCfg = Debug|Any CPU
		{D9564440-77BD-495B-A256-B54EC41EBB11}.Debug|ARM.Build.0 = Debug|Any CPU
		{D9564440-77BD-495B-A256-B54EC41EBB11}.Debug|x64.ActiveCfg = Debug|Any CPU
		{D9564440-77BD-495B-A256-B54EC41EBB11}.Debug|x64.Build.0 = Debug|Any CPU
		{D9564440-77BD-495B-A256-B54EC41EBB11}.Debug|x86.ActiveCfg = Debug|Any CPU
		{D9564440-77BD-495B-A256-B54EC41EBB11}.Debug|x86.Build.0 = Debug|Any CPU
		{D9564440-77BD-495B-A256-B54EC41EBB11}.Release|Any CPU.ActiveCfg = Release|Any CPU
		{D9564440-77BD-495B-A256-B54EC41EBB11}.Release|ARM.ActiveCfg = Release|Any CPU
		{D9564440-77BD-495B-A256-B54EC41EBB11}.Release|x64.ActiveCfg = Release|Any CPU
		{D9564440-77BD-495B-A256-B54EC41EBB11}.Release|x86.ActiveCfg = Release|Any CPU
		{4A63B2B9-ED7D-427F-80F2-1B253D927F00}.Debug|Any CPU.ActiveCfg = Debug|Any CPU
		{4A63B2B9-ED7D-427F-80F2-1B253D927F00}.Debug|Any CPU.Build.0 = Debug|Any CPU
		{4A63B2B9-ED7D-427F-80F2-1B253D927F00}.Debug|ARM.ActiveCfg = Debug|Any CPU
		{4A63B2B9-ED7D-427F-80F2-1B253D927F00}.Debug|ARM.Build.0 = Debug|Any CPU
		{4A63B2B9-ED7D-427F-80F2-1B253D927F00}.Debug|x64.ActiveCfg = Debug|Any CPU
		{4A63B2B9-ED7D-427F-80F2-1B253D927F00}.Debug|x64.Build.0 = Debug|Any CPU
		{4A63B2B9-ED7D-427F-80F2-1B253D927F00}.Debug|x86.ActiveCfg = Debug|Any CPU
		{4A63B2B9-ED7D-427F-80F2-1B253D927F00}.Debug|x86.Build.0 = Debug|Any CPU
		{4A63B2B9-ED7D-427F-80F2-1B253D927F00}.Release|Any CPU.ActiveCfg = Release|Any CPU
		{4A63B2B9-ED7D-427F-80F2-1B253D927F00}.Release|Any CPU.Build.0 = Release|Any CPU
		{4A63B2B9-ED7D-427F-80F2-1B253D927F00}.Release|ARM.ActiveCfg = Release|Any CPU
		{4A63B2B9-ED7D-427F-80F2-1B253D927F00}.Release|ARM.Build.0 = Release|Any CPU
		{4A63B2B9-ED7D-427F-80F2-1B253D927F00}.Release|x64.ActiveCfg = Release|Any CPU
		{4A63B2B9-ED7D-427F-80F2-1B253D927F00}.Release|x64.Build.0 = Release|Any CPU
		{4A63B2B9-ED7D-427F-80F2-1B253D927F00}.Release|x86.ActiveCfg = Release|Any CPU
		{4A63B2B9-ED7D-427F-80F2-1B253D927F00}.Release|x86.Build.0 = Release|Any CPU
		{3181E129-D0A7-4D14-9627-8983C9796756}.Debug|Any CPU.ActiveCfg = Debug|Any CPU
		{3181E129-D0A7-4D14-9627-8983C9796756}.Debug|Any CPU.Build.0 = Debug|Any CPU
		{3181E129-D0A7-4D14-9627-8983C9796756}.Debug|ARM.ActiveCfg = Debug|Any CPU
		{3181E129-D0A7-4D14-9627-8983C9796756}.Debug|ARM.Build.0 = Debug|Any CPU
		{3181E129-D0A7-4D14-9627-8983C9796756}.Debug|x64.ActiveCfg = Debug|Any CPU
		{3181E129-D0A7-4D14-9627-8983C9796756}.Debug|x64.Build.0 = Debug|Any CPU
		{3181E129-D0A7-4D14-9627-8983C9796756}.Debug|x86.ActiveCfg = Debug|Any CPU
		{3181E129-D0A7-4D14-9627-8983C9796756}.Debug|x86.Build.0 = Debug|Any CPU
		{3181E129-D0A7-4D14-9627-8983C9796756}.Release|Any CPU.ActiveCfg = Release|Any CPU
		{3181E129-D0A7-4D14-9627-8983C9796756}.Release|Any CPU.Build.0 = Release|Any CPU
		{3181E129-D0A7-4D14-9627-8983C9796756}.Release|ARM.ActiveCfg = Release|Any CPU
		{3181E129-D0A7-4D14-9627-8983C9796756}.Release|ARM.Build.0 = Release|Any CPU
		{3181E129-D0A7-4D14-9627-8983C9796756}.Release|x64.ActiveCfg = Release|Any CPU
		{3181E129-D0A7-4D14-9627-8983C9796756}.Release|x64.Build.0 = Release|Any CPU
		{3181E129-D0A7-4D14-9627-8983C9796756}.Release|x86.ActiveCfg = Release|Any CPU
		{3181E129-D0A7-4D14-9627-8983C9796756}.Release|x86.Build.0 = Release|Any CPU
	EndGlobalSection
	GlobalSection(SolutionProperties) = preSolution
		HideSolutionNode = FALSE
	EndGlobalSection
	GlobalSection(NestedProjects) = preSolution
		{3937E63B-C53A-411A-B2CF-031F077BCAE4} = {6FEDBA53-10DE-44B9-B9AF-C6DBDFCAD451}
		{D2858A05-E9DF-4445-A623-89270F6287C4} = {6FEDBA53-10DE-44B9-B9AF-C6DBDFCAD451}
		{D79B307C-6E8B-43EE-9A81-BC791546D33B} = {A86EC9F4-FA6E-4D47-AEC8-B279E6557EAE}
		{1E91E314-92A5-4D55-B227-FD0AF4427C71} = {A86EC9F4-FA6E-4D47-AEC8-B279E6557EAE}
		{CA0DBFE2-939E-45AE-9AF2-B048A85BBF50} = {6FEDBA53-10DE-44B9-B9AF-C6DBDFCAD451}
		{F68B90F0-B6B8-46F0-9B05-912724AB81F5} = {A86EC9F4-FA6E-4D47-AEC8-B279E6557EAE}
		{0451BAEF-DF2E-4B98-8644-94EE9415E389} = {ED05ADC3-12B3-4DC5-AB52-041C7C019F53}
		{5C53014A-CC17-415E-93EE-0C2763BFAD58} = {ED05ADC3-12B3-4DC5-AB52-041C7C019F53}
		{73A7B7A2-4698-4CE6-B84C-1E8D64075C61} = {6FEDBA53-10DE-44B9-B9AF-C6DBDFCAD451}
		{87F67058-3F49-4DD1-B4C3-0FAD214033CA} = {6FEDBA53-10DE-44B9-B9AF-C6DBDFCAD451}
		{0898C5F2-2F17-4B0A-9C7D-0A0FBD9294F6} = {B0619BB7-B709-4C27-8D6F-1C54090C1320}
		{E82EC1DF-D839-4A45-8790-862BBBE48FDA} = {B0619BB7-B709-4C27-8D6F-1C54090C1320}
		{5D028D29-849E-4296-A595-C260E8397435} = {B0619BB7-B709-4C27-8D6F-1C54090C1320}
		{5D9F28B0-9DE8-444E-A6B5-00413B5500BE} = {ED05ADC3-12B3-4DC5-AB52-041C7C019F53}
		{ED6DA415-DDDB-464E-B933-E6543AE8ECB1} = {ED05ADC3-12B3-4DC5-AB52-041C7C019F53}
		{2F1FD63D-4EC2-4FC9-B91F-C655029A7ED3} = {EEFCB0AB-D9F8-47DF-8875-79078B7D8C22}
		{D9564440-77BD-495B-A256-B54EC41EBB11} = {EEFCB0AB-D9F8-47DF-8875-79078B7D8C22}
		{EEFCB0AB-D9F8-47DF-8875-79078B7D8C22} = {A86EC9F4-FA6E-4D47-AEC8-B279E6557EAE}
		{3181E129-D0A7-4D14-9627-8983C9796756} = {6FEDBA53-10DE-44B9-B9AF-C6DBDFCAD451}
	EndGlobalSection
EndGlobal
